
Microsoft Visual Studio Solution File, Format Version 12.00
# Visual Studio Version 17
VisualStudioVersion = 17.14.36202.13 d17.14
MinimumVisualStudioVersion = 10.0.40219.1
Project("{FAE04EC0-301F-11D3-BF4B-00C04F79EFBC}") = "PdfViewer", "PdfViewer\PdfViewer.csproj", "{A24D1B33-4D7F-4D20-8B3E-ADCEC8906741}"
EndProject
Global
	GlobalSection(SolutionConfigurationPlatforms) = preSolution
		Debug|Any CPU = Debug|Any CPU
		Release|Any CPU = Release|Any CPU
	EndGlobalSection
	GlobalSection(ProjectConfigurationPlatforms) = postSolution
		{A24D1B33-4D7F-4D20-8B3E-ADCEC8906741}.Debug|Any CPU.ActiveCfg = Debug|Any CPU
		{A24D1B33-4D7F-4D20-8B3E-ADCEC8906741}.Debug|Any CPU.Build.0 = Debug|Any CPU
		{A24D1B33-4D7F-4D20-8B3E-ADCEC8906741}.Release|Any CPU.ActiveCfg = Release|Any CPU
		{A24D1B33-4D7F-4D20-8B3E-ADCEC8906741}.Release|Any CPU.Build.0 = Release|Any CPU
	EndGlobalSection
	GlobalSection(SolutionProperties) = preSolution
		HideSolutionNode = FALSE
	EndGlobalSection
	GlobalSection(ExtensibilityGlobals) = postSolution
		SolutionGuid = {73C9301D-E48C-45F2-B0CE-D419B5660794}
	EndGlobalSection
EndGlobal
